
Microsoft Visual Studio Solution File, Format Version 12.00
# Visual Studio Version 17
VisualStudioVersion = 17.13.35818.85 d17.13
MinimumVisualStudioVersion = 10.0.40219.1
Project("{FAE04EC0-301F-11D3-BF4B-00C04F79EFBC}") = "lab1_task1", "lab1_task1.csproj", "{34B6D85C-E416-46C1-AD64-D5E3C3128E89}"
EndProject
Project("{FAE04EC0-301F-11D3-BF4B-00C04F79EFBC}") = "lab1_task1Tests", "..\lab1_task1Tests\lab1_task1Tests.csproj", "{9DD14D29-684E-4B01-8A6A-7D147555F136}"
EndProject
Global
	GlobalSection(SolutionConfigurationPlatforms) = preSolution
		Debug|Any CPU = Debug|Any CPU
		Release|Any CPU = Release|Any CPU
	EndGlobalSection
	GlobalSection(ProjectConfigurationPlatforms) = postSolution
		{34B6D85C-E416-46C1-AD64-D5E3C3128E89}.Debug|Any CPU.ActiveCfg = Debug|Any CPU
		{34B6D85C-E416-46C1-AD64-D5E3C3128E89}.Debug|Any CPU.Build.0 = Debug|Any CPU
		{34B6D85C-E416-46C1-AD64-D5E3C3128E89}.Release|Any CPU.ActiveCfg = Release|Any CPU
		{34B6D85C-E416-46C1-AD64-D5E3C3128E89}.Release|Any CPU.Build.0 = Release|Any CPU
		{9DD14D29-684E-4B01-8A6A-7D147555F136}.Debug|Any CPU.ActiveCfg = Debug|Any CPU
		{9DD14D29-684E-4B01-8A6A-7D147555F136}.Debug|Any CPU.Build.0 = Debug|Any CPU
		{9DD14D29-684E-4B01-8A6A-7D147555F136}.Release|Any CPU.ActiveCfg = Release|Any CPU
		{9DD14D29-684E-4B01-8A6A-7D147555F136}.Release|Any CPU.Build.0 = Release|Any CPU
	EndGlobalSection
	GlobalSection(SolutionProperties) = preSolution
		HideSolutionNode = FALSE
	EndGlobalSection
	GlobalSection(ExtensibilityGlobals) = postSolution
		SolutionGuid = {FFFDC317-E8ED-4BEC-86D7-9327AA97966A}
	EndGlobalSection
EndGlobal
